
Microsoft Visual Studio Solution File, Format Version 12.00
# Visual Studio Version 16
VisualStudioVersion = 16.0.32602.291
MinimumVisualStudioVersion = 10.0.40219.1
Project("{FAE04EC0-301F-11D3-BF4B-00C04F79EFBC}") = "EventPractice", "EventPractice\EventPractice.csproj", "{809058A1-FCC9-4B2F-840A-C28BD76755DE}"
EndProject
Global
	GlobalSection(SolutionConfigurationPlatforms) = preSolution
		Debug|Any CPU = Debug|Any CPU
		Release|Any CPU = Release|Any CPU
	EndGlobalSection
	GlobalSection(ProjectConfigurationPlatforms) = postSolution
		{809058A1-FCC9-4B2F-840A-C28BD76755DE}.Debug|Any CPU.ActiveCfg = Debug|Any CPU
		{809058A1-FCC9-4B2F-840A-C28BD76755DE}.Debug|Any CPU.Build.0 = Debug|Any CPU
		{809058A1-FCC9-4B2F-840A-C28BD76755DE}.Release|Any CPU.ActiveCfg = Release|Any CPU
		{809058A1-FCC9-4B2F-840A-C28BD76755DE}.Release|Any CPU.Build.0 = Release|Any CPU
	EndGlobalSection
	GlobalSection(SolutionProperties) = preSolution
		HideSolutionNode = FALSE
	EndGlobalSection
	GlobalSection(ExtensibilityGlobals) = postSolution
		SolutionGuid = {1B9ED3F1-4B46-471B-B375-2ED8E2A76BAC}
	EndGlobalSection
EndGlobal
